lockfileVersion: '6.0'

dependencies:
  cron:
    specifier: ^2.3.0
    version: 2.3.0
  dotenv:
    specifier: ^16.0.3
    version: 16.0.3
  twitter-api-v2:
    specifier: ^1.14.2
    version: 1.14.2

packages:

  /cron@2.3.0:
    resolution: {integrity: sha512-ZN5HP8zDY41sJolMsbc+GksRATcbvkPKF5wR/qc8FrV4NBVi9ORQa1HmYa5GydaysUB80X9XpRlRkooa5uEtTA==}
    dependencies:
      luxon: 3.3.0
    dev: false

  /dotenv@16.0.3:
    resolution: {integrity: sha512-7GO6HghkA5fYG9TYnNxi14/7K9f5occMlp3zXAuSxn7CKCxt9xbNWG7yF8hTCSUchlfWSe3uLmlPfigevRItzQ==}
    engines: {node: '>=12'}
    dev: false

  /luxon@3.3.0:
    resolution: {integrity: sha512-An0UCfG/rSiqtAIiBPO0Y9/zAnHUZxAMiCpTd5h2smgsj7GGmcenvrvww2cqNA8/4A5ZrD1gJpHN2mIHZQF+Mg==}
    engines: {node: '>=12'}
    dev: false

  /twitter-api-v2@1.14.2:
    resolution: {integrity: sha512-389e/rWaN8zWkmD5z2IpKVb5+ojPxVtrexQoGBI1Xfib1mE/9M7k7zbnZ3Q/WLwthwcWkQIlB25ecT64AL8LvQ==}
    dev: false
